// !$*UTF8*$!
{
	archiveVersion = 1;
	classes = {
	};
	objectVersion = 77;
	objects = {

/* Begin PBXBuildFile section */
		4B0545962DCF638600CF24D5 /* EditExerciseTemplateDetailView.swift in Sources */ = {isa = PBXBuildFile; fileRef = 4B0545952DCF638600CF24D5 /* EditExerciseTemplateDetailView.swift */; };
		4B0545982DCF694C00CF24D5 /* MoodSetting.swift in Sources */ = {isa = PBXBuildFile; fileRef = 4B0545972DCF694C00CF24D5 /* MoodSetting.swift */; };
		4B05459A2DCF699200CF24D5 /* DiaryEntry.swift in Sources */ = {isa = PBXBuildFile; fileRef = 4B0545992DCF698D00CF24D5 /* DiaryEntry.swift */; };
		4B05459C2DCF6AEA00CF24D5 /* DiaryDataStore.swift in Sources */ = {isa = PBXBuildFile; fileRef = 4B05459B2DCF6AEA00CF24D5 /* DiaryDataStore.swift */; };
		4B05459E2DCF6D3200CF24D5 /* DiaryEntryRowView.swift in Sources */ = {isa = PBXBuildFile; fileRef = 4B05459D2DCF6D3200CF24D5 /* DiaryEntryRowView.swift */; };
		4B0545A02DCF86C600CF24D5 /* AddEditDiaryEntryView.swift in Sources */ = {isa = PBXBuildFile; fileRef = 4B05459F2DCF86C600CF24D5 /* AddEditDiaryEntryView.swift */; };
		4B0545A22DCF9F6200CF24D5 /* AddEditMoodSettingView.swift in Sources */ = {isa = PBXBuildFile; fileRef = 4B0545A12DCF9F6200CF24D5 /* AddEditMoodSettingView.swift */; };
		4B0545A42DCFA0FE00CF24D5 /* MoodSettingsListView.swift in Sources */ = {isa = PBXBuildFile; fileRef = 4B0545A32DCFA0FE00CF24D5 /* MoodSettingsListView.swift */; };
		4B0545A62DCFB48200CF24D5 /* DiaryStatsView.swift in Sources */ = {isa = PBXBuildFile; fileRef = 4B0545A52DCFB48200CF24D5 /* DiaryStatsView.swift */; };
		4B0545A82DD051BE00CF24D5 /* MonthlyEntriesListView.swift in Sources */ = {isa = PBXBuildFile; fileRef = 4B0545A72DD051BE00CF24D5 /* MonthlyEntriesListView.swift */; };
		4B3238F42DCE528700088399 /* TimePeriodSelection.swift in Sources */ = {isa = PBXBuildFile; fileRef = 4B3238F32DCE528700088399 /* TimePeriodSelection.swift */; };
		4B3238F82DCE532200088399 /* ColorExtension.swift in Sources */ = {isa = PBXBuildFile; fileRef = 4B3238F72DCE532200088399 /* ColorExtension.swift */; };
		4B3238FA2DCE53A800088399 /* SequenceExtension.swift in Sources */ = {isa = PBXBuildFile; fileRef = 4B3238F92DCE53A800088399 /* SequenceExtension.swift */; };
		4B3238FE2DCE547800088399 /* TransactionType.swift in Sources */ = {isa = PBXBuildFile; fileRef = 4B3238FD2DCE547800088399 /* TransactionType.swift */; };
		4B3239002DCE549C00088399 /* Transaction.swift in Sources */ = {isa = PBXBuildFile; fileRef = 4B3238FF2DCE549C00088399 /* Transaction.swift */; };
		4B3239022DCE54C400088399 /* MonthlyDataPoint.swift in Sources */ = {isa = PBXBuildFile; fileRef = 4B3239012DCE54C400088399 /* MonthlyDataPoint.swift */; };
		4B3239042DCE555600088399 /* FinancialDataStore.swift in Sources */ = {isa = PBXBuildFile; fileRef = 4B3239032DCE555600088399 /* FinancialDataStore.swift */; };
		4B3239062DCE591D00088399 /* TaskDataStore.swift in Sources */ = {isa = PBXBuildFile; fileRef = 4B3239052DCE591D00088399 /* TaskDataStore.swift */; };
		4B32390A2DCE5A3700088399 /* GoalHorizon.swift in Sources */ = {isa = PBXBuildFile; fileRef = 4B3239092DCE5A3700088399 /* GoalHorizon.swift */; };
		4B32390C2DCE5ADE00088399 /* TaskProject.swift in Sources */ = {isa = PBXBuildFile; fileRef = 4B32390B2DCE5ADE00088399 /* TaskProject.swift */; };
		4B32390E2DCE5AFF00088399 /* Task.swift in Sources */ = {isa = PBXBuildFile; fileRef = 4B32390D2DCE5AFF00088399 /* Task.swift */; };
		4B3239102DCE5B2100088399 /* TaskFilterOption.swift in Sources */ = {isa = PBXBuildFile; fileRef = 4B32390F2DCE5B2100088399 /* TaskFilterOption.swift */; };
		4B3239122DCE5BF200088399 /* WorkoutType.swift in Sources */ = {isa = PBXBuildFile; fileRef = 4B3239112DCE5BF200088399 /* WorkoutType.swift */; };
		4B3239142DCE5C1D00088399 /* Exercise.swift in Sources */ = {isa = PBXBuildFile; fileRef = 4B3239132DCE5C1D00088399 /* Exercise.swift */; };
		4B3239162DCE5C5D00088399 /* SetTemplate.swift in Sources */ = {isa = PBXBuildFile; fileRef = 4B3239152DCE5C5D00088399 /* SetTemplate.swift */; };
		4B3239182DCE5C9E00088399 /* WorkoutSet.swift in Sources */ = {isa = PBXBuildFile; fileRef = 4B3239172DCE5C9E00088399 /* WorkoutSet.swift */; };
		4B32391A2DCE5CD600088399 /* ExerciseTemplateDetail.swift in Sources */ = {isa = PBXBuildFile; fileRef = 4B3239192DCE5CD600088399 /* ExerciseTemplateDetail.swift */; };
		4B32391C2DCE5D2100088399 /* ExerciseLogDetail.swift in Sources */ = {isa = PBXBuildFile; fileRef = 4B32391B2DCE5D2100088399 /* ExerciseLogDetail.swift */; };
		4B32391E2DCE5D8A00088399 /* WorkoutLog.swift in Sources */ = {isa = PBXBuildFile; fileRef = 4B32391D2DCE5D8A00088399 /* WorkoutLog.swift */; };
		4B3239202DCE5DBE00088399 /* WorkoutTemplate.swift in Sources */ = {isa = PBXBuildFile; fileRef = 4B32391F2DCE5DBE00088399 /* WorkoutTemplate.swift */; };
		4B3239222DCE5EFD00088399 /* BodyWeightLog.swift in Sources */ = {isa = PBXBuildFile; fileRef = 4B3239212DCE5EFD00088399 /* BodyWeightLog.swift */; };
		4B3239242DCE5F7F00088399 /* BodyDataStore.swift in Sources */ = {isa = PBXBuildFile; fileRef = 4B3239232DCE5F7F00088399 /* BodyDataStore.swift */; };
		4B3239262DCE600400088399 /* MetricRow.swift in Sources */ = {isa = PBXBuildFile; fileRef = 4B3239252DCE600400088399 /* MetricRow.swift */; };
		4B3239282DCE602900088399 /* HabitTrackerBar.swift in Sources */ = {isa = PBXBuildFile; fileRef = 4B3239272DCE602900088399 /* HabitTrackerBar.swift */; };
		4B32392A2DCE60A200088399 /* ClearChartView.swift in Sources */ = {isa = PBXBuildFile; fileRef = 4B3239292DCE60A200088399 /* ClearChartView.swift */; };
		4B32392C2DCE60D800088399 /* TransactionSheetContext.swift in Sources */ = {isa = PBXBuildFile; fileRef = 4B32392B2DCE60D800088399 /* TransactionSheetContext.swift */; };
		4B32392E2DCE614E00088399 /* TaskRowView.swift in Sources */ = {isa = PBXBuildFile; fileRef = 4B32392D2DCE614E00088399 /* TaskRowView.swift */; };
		4B3239302DCE61B400088399 /* EditWorkoutSetView.swift in Sources */ = {isa = PBXBuildFile; fileRef = 4B32392F2DCE61B400088399 /* EditWorkoutSetView.swift */; };
		4B3239322DCE61D200088399 /* WorkoutSetRow.swift in Sources */ = {isa = PBXBuildFile; fileRef = 4B3239312DCE61D200088399 /* WorkoutSetRow.swift */; };
		4B3239342DCE61F100088399 /* ExerciseDetailSectionView.swift in Sources */ = {isa = PBXBuildFile; fileRef = 4B3239332DCE61F100088399 /* ExerciseDetailSectionView.swift */; };
		4B3239362DCE622600088399 /* SelectExerciseView.swift in Sources */ = {isa = PBXBuildFile; fileRef = 4B3239352DCE622600088399 /* SelectExerciseView.swift */; };
		4B3239382DCE62BC00088399 /* AddTransactionView.swift in Sources */ = {isa = PBXBuildFile; fileRef = 4B3239372DCE62BC00088399 /* AddTransactionView.swift */; };
		4B32393A2DCE631600088399 /* AddEditCategoryView.swift in Sources */ = {isa = PBXBuildFile; fileRef = 4B3239392DCE631600088399 /* AddEditCategoryView.swift */; };
		4B32393C2DCE633D00088399 /* CategoriesView.swift in Sources */ = {isa = PBXBuildFile; fileRef = 4B32393B2DCE633D00088399 /* CategoriesView.swift */; };
		4B32393E2DCE63CD00088399 /* AddEditAccountView.swift in Sources */ = {isa = PBXBuildFile; fileRef = 4B32393D2DCE63CD00088399 /* AddEditAccountView.swift */; };
		4B3239402DCE63FD00088399 /* AccountsView.swift in Sources */ = {isa = PBXBuildFile; fileRef = 4B32393F2DCE63FD00088399 /* AccountsView.swift */; };
		4B3239422DCE64B900088399 /* MoneyMiniAppView.swift in Sources */ = {isa = PBXBuildFile; fileRef = 4B3239412DCE64B900088399 /* MoneyMiniAppView.swift */; };
		4B3239442DCE652200088399 /* AddTaskSheet.swift in Sources */ = {isa = PBXBuildFile; fileRef = 4B3239432DCE652200088399 /* AddTaskSheet.swift */; };
		4B3239462DCE65C100088399 /* TaskDetailView.swift in Sources */ = {isa = PBXBuildFile; fileRef = 4B3239452DCE65C100088399 /* TaskDetailView.swift */; };
		4B3239482DCE65FC00088399 /* LongTermGoalsView.swift in Sources */ = {isa = PBXBuildFile; fileRef = 4B3239472DCE65FC00088399 /* LongTermGoalsView.swift */; };
		4B32394A2DCE665100088399 /* TaskListMainView.swift in Sources */ = {isa = PBXBuildFile; fileRef = 4B3239492DCE665100088399 /* TaskListMainView.swift */; };
		4B32394C2DCE669C00088399 /* TasksMiniAppView.swift in Sources */ = {isa = PBXBuildFile; fileRef = 4B32394B2DCE669C00088399 /* TasksMiniAppView.swift */; };
		4B32394E2DCE66EB00088399 /* ActiveWorkoutView.swift in Sources */ = {isa = PBXBuildFile; fileRef = 4B32394D2DCE66EB00088399 /* ActiveWorkoutView.swift */; };
		4B3239502DCE673C00088399 /* WorkoutLogRow.swift in Sources */ = {isa = PBXBuildFile; fileRef = 4B32394F2DCE673C00088399 /* WorkoutLogRow.swift */; };
		4B3239522DCE675700088399 /* WorkoutHistoryView.swift in Sources */ = {isa = PBXBuildFile; fileRef = 4B3239512DCE675700088399 /* WorkoutHistoryView.swift */; };
		4B3239542DCE678300088399 /* LogWeightView.swift in Sources */ = {isa = PBXBuildFile; fileRef = 4B3239532DCE678300088399 /* LogWeightView.swift */; };
		4B3239562DCE67D300088399 /* WorkoutTypesListView.swift in Sources */ = {isa = PBXBuildFile; fileRef = 4B3239552DCE67D300088399 /* WorkoutTypesListView.swift */; };
		4B3239582DCE67F700088399 /* ExercisesListView.swift in Sources */ = {isa = PBXBuildFile; fileRef = 4B3239572DCE67F700088399 /* ExercisesListView.swift */; };
		4B32395A2DCE682300088399 /* WorkoutTemplatesView.swift in Sources */ = {isa = PBXBuildFile; fileRef = 4B3239592DCE682300088399 /* WorkoutTemplatesView.swift */; };
		4B32395C2DCE698D00088399 /* BodyMiniAppView.swift in Sources */ = {isa = PBXBuildFile; fileRef = 4B32395B2DCE698D00088399 /* BodyMiniAppView.swift */; };
		4B3239602DCE6AF100088399 /* DiaryMiniAppView.swift in Sources */ = {isa = PBXBuildFile; fileRef = 4B32395F2DCE6AF100088399 /* DiaryMiniAppView.swift */; };
		4B3239622DCE6B7F00088399 /* HeaderView.swift in Sources */ = {isa = PBXBuildFile; fileRef = 4B3239612DCE6B7F00088399 /* HeaderView.swift */; };
		4B3239642DCE6BD300088399 /* MoneyWidgetView.swift in Sources */ = {isa = PBXBuildFile; fileRef = 4B3239632DCE6BD300088399 /* MoneyWidgetView.swift */; };
		4B3239662DCE6C2600088399 /* BodyWidgetView.swift in Sources */ = {isa = PBXBuildFile; fileRef = 4B3239652DCE6C2600088399 /* BodyWidgetView.swift */; };
		4B3239682DCE6C7500088399 /* TasksWidgetView.swift in Sources */ = {isa = PBXBuildFile; fileRef = 4B3239672DCE6C7500088399 /* TasksWidgetView.swift */; };
		4B32396A2DCE6C9600088399 /* DiaryWidgetView.swift in Sources */ = {isa = PBXBuildFile; fileRef = 4B3239692DCE6C9600088399 /* DiaryWidgetView.swift */; };
		4B95D6E82DD62AC200B04169 /* WorkoutTypeRowView.swift in Sources */ = {isa = PBXBuildFile; fileRef = 4B95D6E72DD62AC200B04169 /* WorkoutTypeRowView.swift */; };
		4B95D7082DD735BF00B04169 /* AppConstants.swift in Sources */ = {isa = PBXBuildFile; fileRef = 4B95D7072DD735BF00B04169 /* AppConstants.swift */; };
		4BBED7C62DCF1F6C00D13D77 /* CompletedTasksListView.swift in Sources */ = {isa = PBXBuildFile; fileRef = 4BBED7C52DCF1F6C00D13D77 /* CompletedTasksListView.swift */; };
		4BBED7C82DCF555900D13D77 /* AddEditWorkoutTypeView.swift in Sources */ = {isa = PBXBuildFile; fileRef = 4BBED7C72DCF555900D13D77 /* AddEditWorkoutTypeView.swift */; };
		4BBED7CA2DCF570600D13D77 /* AddEditExerciseView.swift in Sources */ = {isa = PBXBuildFile; fileRef = 4BBED7C92DCF570600D13D77 /* AddEditExerciseView.swift */; };
		4BBED7CC2DCF59F300D13D77 /* SelectWorkoutTemplateView.swift in Sources */ = {isa = PBXBuildFile; fileRef = 4BBED7CB2DCF59F300D13D77 /* SelectWorkoutTemplateView.swift */; };
		4BBED7CE2DCF5DE600D13D77 /* WorkoutGoalSettingsView.swift in Sources */ = {isa = PBXBuildFile; fileRef = 4BBED7CD2DCF5DE600D13D77 /* WorkoutGoalSettingsView.swift */; };
		4BBED7D02DCF5F5D00D13D77 /* AddEditWorkoutTemplateView.swift in Sources */ = {isa = PBXBuildFile; fileRef = 4BBED7CF2DCF5F5D00D13D77 /* AddEditWorkoutTemplateView.swift */; };
		4BBED7D22DCF631700D13D77 /* EditSetTemplateView.swift in Sources */ = {isa = PBXBuildFile; fileRef = 4BBED7D12DCF631700D13D77 /* EditSetTemplateView.swift */; };
		4BC9DEF22DD4A87F00203EAE /* GoalStatusFilter.swift in Sources */ = {isa = PBXBuildFile; fileRef = 4BC9DEF12DD4A87F00203EAE /* GoalStatusFilter.swift */; };
		4BD7D4512DD1F44800B67F21 /* Habit.swift in Sources */ = {isa = PBXBuildFile; fileRef = 4BD7D4502DD1F44800B67F21 /* Habit.swift */; };
		4BD7D4552DD1F47200B67F21 /* HabitLog.swift in Sources */ = {isa = PBXBuildFile; fileRef = 4BD7D4542DD1F47200B67F21 /* HabitLog.swift */; };
		4BD7D4582DD1F84800B67F21 /* HabitDataStore.swift in Sources */ = {isa = PBXBuildFile; fileRef = 4BD7D4572DD1F84800B67F21 /* HabitDataStore.swift */; };
		4BD7D45B2DD258E900B67F21 /* HabitRowView.swift in Sources */ = {isa = PBXBuildFile; fileRef = 4BD7D45A2DD258E900B67F21 /* HabitRowView.swift */; };
		4BD7D45D2DD25CCF00B67F21 /* AddEditHabitView.swift in Sources */ = {isa = PBXBuildFile; fileRef = 4BD7D45C2DD25CCF00B67F21 /* AddEditHabitView.swift */; };
		4BD7D45F2DD25F9700B67F21 /* HabitsListView.swift in Sources */ = {isa = PBXBuildFile; fileRef = 4BD7D45E2DD25F9700B67F21 /* HabitsListView.swift */; };
		4BD7D4612DD2D04400B67F21 /* HabitWidgetView.swift in Sources */ = {isa = PBXBuildFile; fileRef = 4BD7D4602DD2D04400B67F21 /* HabitWidgetView.swift */; };
		4BD7D4632DD2D18500B67F21 /* HabitsMiniAppView.swift in Sources */ = {isa = PBXBuildFile; fileRef = 4BD7D4622DD2D18500B67F21 /* HabitsMiniAppView.swift */; };
		4BF1B4182DD1113900A18801 /* MainDashboardView.swift in Sources */ = {isa = PBXBuildFile; fileRef = 4BF1B4172DD1113900A18801 /* MainDashboardView.swift */; };
/* End PBXBuildFile section */

/* Begin PBXContainerItemProxy section */
		4B3238BA2DCE12F800088399 /* PBXContainerItemProxy */ = {
			isa = PBXContainerItemProxy;
			containerPortal = 4B3238A22DCE12F600088399 /* Project object */;
			proxyType = 1;
			remoteGlobalIDString = 4B3238A92DCE12F600088399;
			remoteInfo = MyDashboardStructured;
		};
		4B3238C42DCE12F800088399 /* PBXContainerItemProxy */ = {
			isa = PBXContainerItemProxy;
			containerPortal = 4B3238A22DCE12F600088399 /* Project object */;
			proxyType = 1;
			remoteGlobalIDString = 4B3238A92DCE12F600088399;
			remoteInfo = MyDashboardStructured;
		};
/* End PBXContainerItemProxy section */

/* Begin PBXFileReference section */
		4B0545952DCF638600CF24D5 /* EditExerciseTemplateDetailView.swift */ = {isa = PBXFileReference; lastKnownFileType = sourcecode.swift; path = EditExerciseTemplateDetailView.swift; sourceTree = "<group>"; };
		4B0545972DCF694C00CF24D5 /* MoodSetting.swift */ = {isa = PBXFileReference; lastKnownFileType = sourcecode.swift; path = MoodSetting.swift; sourceTree = "<group>"; };
		4B0545992DCF698D00CF24D5 /* DiaryEntry.swift */ = {isa = PBXFileReference; lastKnownFileType = sourcecode.swift; path = DiaryEntry.swift; sourceTree = "<group>"; };
		4B05459B2DCF6AEA00CF24D5 /* DiaryDataStore.swift */ = {isa = PBXFileReference; lastKnownFileType = sourcecode.swift; path = DiaryDataStore.swift; sourceTree = "<group>"; };
		4B05459D2DCF6D3200CF24D5 /* DiaryEntryRowView.swift */ = {isa = PBXFileReference; lastKnownFileType = sourcecode.swift; path = DiaryEntryRowView.swift; sourceTree = "<group>"; };
		4B05459F2DCF86C600CF24D5 /* AddEditDiaryEntryView.swift */ = {isa = PBXFileReference; lastKnownFileType = sourcecode.swift; path = AddEditDiaryEntryView.swift; sourceTree = "<group>"; };
		4B0545A12DCF9F6200CF24D5 /* AddEditMoodSettingView.swift */ = {isa = PBXFileReference; lastKnownFileType = sourcecode.swift; path = AddEditMoodSettingView.swift; sourceTree = "<group>"; };
		4B0545A32DCFA0FE00CF24D5 /* MoodSettingsListView.swift */ = {isa = PBXFileReference; lastKnownFileType = sourcecode.swift; path = MoodSettingsListView.swift; sourceTree = "<group>"; };
		4B0545A52DCFB48200CF24D5 /* DiaryStatsView.swift */ = {isa = PBXFileReference; lastKnownFileType = sourcecode.swift; path = DiaryStatsView.swift; sourceTree = "<group>"; };
		4B0545A72DD051BE00CF24D5 /* MonthlyEntriesListView.swift */ = {isa = PBXFileReference; lastKnownFileType = sourcecode.swift; path = MonthlyEntriesListView.swift; sourceTree = "<group>"; };
		4B3238AA2DCE12F600088399 /* DailyDoDash v1.01.app */ = {isa = PBXFileReference; explicitFileType = wrapper.application; includeInIndex = 0; path = "DailyDoDash v1.01.app"; sourceTree = BUILT_PRODUCTS_DIR; };
		4B3238B92DCE12F800088399 /* DailyDoDash v1.01Tests.xctest */ = {isa = PBXFileReference; explicitFileType = wrapper.cfbundle; includeInIndex = 0; path = "DailyDoDash v1.01Tests.xctest"; sourceTree = BUILT_PRODUCTS_DIR; };
		4B3238C32DCE12F800088399 /* DailyDoDash v1.01UITests.xctest */ = {isa = PBXFileReference; explicitFileType = wrapper.cfbundle; includeInIndex = 0; path = "DailyDoDash v1.01UITests.xctest"; sourceTree = BUILT_PRODUCTS_DIR; };
		4B3238F32DCE528700088399 /* TimePeriodSelection.swift */ = {isa = PBXFileReference; lastKnownFileType = sourcecode.swift; path = TimePeriodSelection.swift; sourceTree = "<group>"; };
		4B3238F72DCE532200088399 /* ColorExtension.swift */ = {isa = PBXFileReference; lastKnownFileType = sourcecode.swift; path = ColorExtension.swift; sourceTree = "<group>"; };
		4B3238F92DCE53A800088399 /* SequenceExtension.swift */ = {isa = PBXFileReference; lastKnownFileType = sourcecode.swift; path = SequenceExtension.swift; sourceTree = "<group>"; };
		4B3238FD2DCE547800088399 /* TransactionType.swift */ = {isa = PBXFileReference; lastKnownFileType = sourcecode.swift; path = TransactionType.swift; sourceTree = "<group>"; };
		4B3238FF2DCE549C00088399 /* Transaction.swift */ = {isa = PBXFileReference; lastKnownFileType = sourcecode.swift; path = Transaction.swift; sourceTree = "<group>"; };
		4B3239012DCE54C400088399 /* MonthlyDataPoint.swift */ = {isa = PBXFileReference; lastKnownFileType = sourcecode.swift; path = MonthlyDataPoint.swift; sourceTree = "<group>"; };
		4B3239032DCE555600088399 /* FinancialDataStore.swift */ = {isa = PBXFileReference; lastKnownFileType = sourcecode.swift; path = FinancialDataStore.swift; sourceTree = "<group>"; };
		4B3239052DCE591D00088399 /* TaskDataStore.swift */ = {isa = PBXFileReference; lastKnownFileType = sourcecode.swift; path = TaskDataStore.swift; sourceTree = "<group>"; };
		4B3239092DCE5A3700088399 /* GoalHorizon.swift */ = {isa = PBXFileReference; lastKnownFileType = sourcecode.swift; path = GoalHorizon.swift; sourceTree = "<group>"; };
		4B32390B2DCE5ADE00088399 /* TaskProject.swift */ = {isa = PBXFileReference; lastKnownFileType = sourcecode.swift; path = TaskProject.swift; sourceTree = "<group>"; };
		4B32390D2DCE5AFF00088399 /* Task.swift */ = {isa = PBXFileReference; lastKnownFileType = sourcecode.swift; path = Task.swift; sourceTree = "<group>"; };
		4B32390F2DCE5B2100088399 /* TaskFilterOption.swift */ = {isa = PBXFileReference; lastKnownFileType = sourcecode.swift; path = TaskFilterOption.swift; sourceTree = "<group>"; };
		4B3239112DCE5BF200088399 /* WorkoutType.swift */ = {isa = PBXFileReference; lastKnownFileType = sourcecode.swift; path = WorkoutType.swift; sourceTree = "<group>"; };
		4B3239132DCE5C1D00088399 /* Exercise.swift */ = {isa = PBXFileReference; lastKnownFileType = sourcecode.swift; path = Exercise.swift; sourceTree = "<group>"; };
		4B3239152DCE5C5D00088399 /* SetTemplate.swift */ = {isa = PBXFileReference; lastKnownFileType = sourcecode.swift; path = SetTemplate.swift; sourceTree = "<group>"; };
		4B3239172DCE5C9E00088399 /* WorkoutSet.swift */ = {isa = PBXFileReference; lastKnownFileType = sourcecode.swift; path = WorkoutSet.swift; sourceTree = "<group>"; };
		4B3239192DCE5CD600088399 /* ExerciseTemplateDetail.swift */ = {isa = PBXFileReference; lastKnownFileType = sourcecode.swift; path = ExerciseTemplateDetail.swift; sourceTree = "<group>"; };
		4B32391B2DCE5D2100088399 /* ExerciseLogDetail.swift */ = {isa = PBXFileReference; lastKnownFileType = sourcecode.swift; path = ExerciseLogDetail.swift; sourceTree = "<group>"; };
		4B32391D2DCE5D8A00088399 /* WorkoutLog.swift */ = {isa = PBXFileReference; lastKnownFileType = sourcecode.swift; path = WorkoutLog.swift; sourceTree = "<group>"; };
		4B32391F2DCE5DBE00088399 /* WorkoutTemplate.swift */ = {isa = PBXFileReference; lastKnownFileType = sourcecode.swift; path = WorkoutTemplate.swift; sourceTree = "<group>"; };
		4B3239212DCE5EFD00088399 /* BodyWeightLog.swift */ = {isa = PBXFileReference; lastKnownFileType = sourcecode.swift; path = BodyWeightLog.swift; sourceTree = "<group>"; };
		4B3239232DCE5F7F00088399 /* BodyDataStore.swift */ = {isa = PBXFileReference; lastKnownFileType = sourcecode.swift; path = BodyDataStore.swift; sourceTree = "<group>"; };
		4B3239252DCE600400088399 /* MetricRow.swift */ = {isa = PBXFileReference; lastKnownFileType = sourcecode.swift; path = MetricRow.swift; sourceTree = "<group>"; };
		4B3239272DCE602900088399 /* HabitTrackerBar.swift */ = {isa = PBXFileReference; lastKnownFileType = sourcecode.swift; path = HabitTrackerBar.swift; sourceTree = "<group>"; };
		4B3239292DCE60A200088399 /* ClearChartView.swift */ = {isa = PBXFileReference; lastKnownFileType = sourcecode.swift; path = ClearChartView.swift; sourceTree = "<group>"; };
		4B32392B2DCE60D800088399 /* TransactionSheetContext.swift */ = {isa = PBXFileReference; lastKnownFileType = sourcecode.swift; path = TransactionSheetContext.swift; sourceTree = "<group>"; };
		4B32392D2DCE614E00088399 /* TaskRowView.swift */ = {isa = PBXFileReference; lastKnownFileType = sourcecode.swift; path = TaskRowView.swift; sourceTree = "<group>"; };
		4B32392F2DCE61B400088399 /* EditWorkoutSetView.swift */ = {isa = PBXFileReference; lastKnownFileType = sourcecode.swift; path = EditWorkoutSetView.swift; sourceTree = "<group>"; };
		4B3239312DCE61D200088399 /* WorkoutSetRow.swift */ = {isa = PBXFileReference; lastKnownFileType = sourcecode.swift; path = WorkoutSetRow.swift; sourceTree = "<group>"; };
		4B3239332DCE61F100088399 /* ExerciseDetailSectionView.swift */ = {isa = PBXFileReference; lastKnownFileType = sourcecode.swift; path = ExerciseDetailSectionView.swift; sourceTree = "<group>"; };
		4B3239352DCE622600088399 /* SelectExerciseView.swift */ = {isa = PBXFileReference; lastKnownFileType = sourcecode.swift; path = SelectExerciseView.swift; sourceTree = "<group>"; };
		4B3239372DCE62BC00088399 /* AddTransactionView.swift */ = {isa = PBXFileReference; lastKnownFileType = sourcecode.swift; path = AddTransactionView.swift; sourceTree = "<group>"; };
		4B3239392DCE631600088399 /* AddEditCategoryView.swift */ = {isa = PBXFileReference; lastKnownFileType = sourcecode.swift; path = AddEditCategoryView.swift; sourceTree = "<group>"; };
		4B32393B2DCE633D00088399 /* CategoriesView.swift */ = {isa = PBXFileReference; lastKnownFileType = sourcecode.swift; path = CategoriesView.swift; sourceTree = "<group>"; };
		4B32393D2DCE63CD00088399 /* AddEditAccountView.swift */ = {isa = PBXFileReference; lastKnownFileType = sourcecode.swift; path = AddEditAccountView.swift; sourceTree = "<group>"; };
		4B32393F2DCE63FD00088399 /* AccountsView.swift */ = {isa = PBXFileReference; lastKnownFileType = sourcecode.swift; path = AccountsView.swift; sourceTree = "<group>"; };
		4B3239412DCE64B900088399 /* MoneyMiniAppView.swift */ = {isa = PBXFileReference; lastKnownFileType = sourcecode.swift; path = MoneyMiniAppView.swift; sourceTree = "<group>"; };
		4B3239432DCE652200088399 /* AddTaskSheet.swift */ = {isa = PBXFileReference; lastKnownFileType = sourcecode.swift; path = AddTaskSheet.swift; sourceTree = "<group>"; };
		4B3239452DCE65C100088399 /* TaskDetailView.swift */ = {isa = PBXFileReference; lastKnownFileType = sourcecode.swift; path = TaskDetailView.swift; sourceTree = "<group>"; };
		4B3239472DCE65FC00088399 /* LongTermGoalsView.swift */ = {isa = PBXFileReference; lastKnownFileType = sourcecode.swift; path = LongTermGoalsView.swift; sourceTree = "<group>"; };
		4B3239492DCE665100088399 /* TaskListMainView.swift */ = {isa = PBXFileReference; lastKnownFileType = sourcecode.swift; path = TaskListMainView.swift; sourceTree = "<group>"; };
		4B32394B2DCE669C00088399 /* TasksMiniAppView.swift */ = {isa = PBXFileReference; lastKnownFileType = sourcecode.swift; path = TasksMiniAppView.swift; sourceTree = "<group>"; };
		4B32394D2DCE66EB00088399 /* ActiveWorkoutView.swift */ = {isa = PBXFileReference; lastKnownFileType = sourcecode.swift; path = ActiveWorkoutView.swift; sourceTree = "<group>"; };
		4B32394F2DCE673C00088399 /* WorkoutLogRow.swift */ = {isa = PBXFileReference; lastKnownFileType = sourcecode.swift; path = WorkoutLogRow.swift; sourceTree = "<group>"; };
		4B3239512DCE675700088399 /* WorkoutHistoryView.swift */ = {isa = PBXFileReference; lastKnownFileType = sourcecode.swift; path = WorkoutHistoryView.swift; sourceTree = "<group>"; };
		4B3239532DCE678300088399 /* LogWeightView.swift */ = {isa = PBXFileReference; lastKnownFileType = sourcecode.swift; path = LogWeightView.swift; sourceTree = "<group>"; };
		4B3239552DCE67D300088399 /* WorkoutTypesListView.swift */ = {isa = PBXFileReference; lastKnownFileType = sourcecode.swift; path = WorkoutTypesListView.swift; sourceTree = "<group>"; };
		4B3239572DCE67F700088399 /* ExercisesListView.swift */ = {isa = PBXFileReference; lastKnownFileType = sourcecode.swift; path = ExercisesListView.swift; sourceTree = "<group>"; };
		4B3239592DCE682300088399 /* WorkoutTemplatesView.swift */ = {isa = PBXFileReference; lastKnownFileType = sourcecode.swift; path = WorkoutTemplatesView.swift; sourceTree = "<group>"; };
		4B32395B2DCE698D00088399 /* BodyMiniAppView.swift */ = {isa = PBXFileReference; lastKnownFileType = sourcecode.swift; path = BodyMiniAppView.swift; sourceTree = "<group>"; };
		4B32395F2DCE6AF100088399 /* DiaryMiniAppView.swift */ = {isa = PBXFileReference; lastKnownFileType = sourcecode.swift; path = DiaryMiniAppView.swift; sourceTree = "<group>"; };
		4B3239612DCE6B7F00088399 /* HeaderView.swift */ = {isa = PBXFileReference; lastKnownFileType = sourcecode.swift; path = HeaderView.swift; sourceTree = "<group>"; };
		4B3239632DCE6BD300088399 /* MoneyWidgetView.swift */ = {isa = PBXFileReference; lastKnownFileType = sourcecode.swift; path = MoneyWidgetView.swift; sourceTree = "<group>"; };
		4B3239652DCE6C2600088399 /* BodyWidgetView.swift */ = {isa = PBXFileReference; lastKnownFileType = sourcecode.swift; path = BodyWidgetView.swift; sourceTree = "<group>"; };
		4B3239672DCE6C7500088399 /* TasksWidgetView.swift */ = {isa = PBXFileReference; lastKnownFileType = sourcecode.swift; path = TasksWidgetView.swift; sourceTree = "<group>"; };
		4B3239692DCE6C9600088399 /* DiaryWidgetView.swift */ = {isa = PBXFileReference; lastKnownFileType = sourcecode.swift; path = DiaryWidgetView.swift; sourceTree = "<group>"; };
		4B95D6E72DD62AC200B04169 /* WorkoutTypeRowView.swift */ = {isa = PBXFileReference; lastKnownFileType = sourcecode.swift; path = WorkoutTypeRowView.swift; sourceTree = "<group>"; };
		4B95D7072DD735BF00B04169 /* AppConstants.swift */ = {isa = PBXFileReference; lastKnownFileType = sourcecode.swift; path = AppConstants.swift; sourceTree = "<group>"; };
		4BBED7C52DCF1F6C00D13D77 /* CompletedTasksListView.swift */ = {isa = PBXFileReference; lastKnownFileType = sourcecode.swift; path = CompletedTasksListView.swift; sourceTree = "<group>"; };
		4BBED7C72DCF555900D13D77 /* AddEditWorkoutTypeView.swift */ = {isa = PBXFileReference; lastKnownFileType = sourcecode.swift; path = AddEditWorkoutTypeView.swift; sourceTree = "<group>"; };
		4BBED7C92DCF570600D13D77 /* AddEditExerciseView.swift */ = {isa = PBXFileReference; lastKnownFileType = sourcecode.swift; path = AddEditExerciseView.swift; sourceTree = "<group>"; };
		4BBED7CB2DCF59F300D13D77 /* SelectWorkoutTemplateView.swift */ = {isa = PBXFileReference; lastKnownFileType = sourcecode.swift; path = SelectWorkoutTemplateView.swift; sourceTree = "<group>"; };
		4BBED7CD2DCF5DE600D13D77 /* WorkoutGoalSettingsView.swift */ = {isa = PBXFileReference; lastKnownFileType = sourcecode.swift; path = WorkoutGoalSettingsView.swift; sourceTree = "<group>"; };
		4BBED7CF2DCF5F5D00D13D77 /* AddEditWorkoutTemplateView.swift */ = {isa = PBXFileReference; lastKnownFileType = sourcecode.swift; path = AddEditWorkoutTemplateView.swift; sourceTree = "<group>"; };
		4BBED7D12DCF631700D13D77 /* EditSetTemplateView.swift */ = {isa = PBXFileReference; lastKnownFileType = sourcecode.swift; path = EditSetTemplateView.swift; sourceTree = "<group>"; };
		4BC9DEF12DD4A87F00203EAE /* GoalStatusFilter.swift */ = {isa = PBXFileReference; lastKnownFileType = sourcecode.swift; path = GoalStatusFilter.swift; sourceTree = "<group>"; };
		4BD7D4502DD1F44800B67F21 /* Habit.swift */ = {isa = PBXFileReference; lastKnownFileType = sourcecode.swift; path = Habit.swift; sourceTree = "<group>"; };
		4BD7D4542DD1F47200B67F21 /* HabitLog.swift */ = {isa = PBXFileReference; lastKnownFileType = sourcecode.swift; path = HabitLog.swift; sourceTree = "<group>"; };
		4BD7D4572DD1F84800B67F21 /* HabitDataStore.swift */ = {isa = PBXFileReference; lastKnownFileType = sourcecode.swift; path = HabitDataStore.swift; sourceTree = "<group>"; };
		4BD7D45A2DD258E900B67F21 /* HabitRowView.swift */ = {isa = PBXFileReference; lastKnownFileType = sourcecode.swift; path = HabitRowView.swift; sourceTree = "<group>"; };
		4BD7D45C2DD25CCF00B67F21 /* AddEditHabitView.swift */ = {isa = PBXFileReference; lastKnownFileType = sourcecode.swift; path = AddEditHabitView.swift; sourceTree = "<group>"; };
		4BD7D45E2DD25F9700B67F21 /* HabitsListView.swift */ = {isa = PBXFileReference; lastKnownFileType = sourcecode.swift; path = HabitsListView.swift; sourceTree = "<group>"; };
		4BD7D4602DD2D04400B67F21 /* HabitWidgetView.swift */ = {isa = PBXFileReference; lastKnownFileType = sourcecode.swift; path = HabitWidgetView.swift; sourceTree = "<group>"; };
		4BD7D4622DD2D18500B67F21 /* HabitsMiniAppView.swift */ = {isa = PBXFileReference; lastKnownFileType = sourcecode.swift; path = HabitsMiniAppView.swift; sourceTree = "<group>"; };
		4BF1B4172DD1113900A18801 /* MainDashboardView.swift */ = {isa = PBXFileReference; lastKnownFileType = sourcecode.swift; path = MainDashboardView.swift; sourceTree = "<group>"; };
/* End PBXFileReference section */

/* Begin PBXFileSystemSynchronizedRootGroup section */
		4B3238AC2DCE12F600088399 /* AppMain */ = {
			isa = PBXFileSystemSynchronizedRootGroup;
			path = AppMain;
			sourceTree = "<group>";
		};
		4B3238BC2DCE12F800088399 /* MyDashboardStructuredTests */ = {
			isa = PBXFileSystemSynchronizedRootGroup;
			path = MyDashboardStructuredTests;
			sourceTree = "<group>";
		};
		4B3238C62DCE12F800088399 /* MyDashboardStructuredUITests */ = {
			isa = PBXFileSystemSynchronizedRootGroup;
			path = MyDashboardStructuredUITests;
			sourceTree = "<group>";
		};
/* End PBXFileSystemSynchronizedRootGroup section */

/* Begin PBXFrameworksBuildPhase section */
		4B3238A72DCE12F600088399 /* Frameworks */ = {
			isa = PBXFrameworksBuildPhase;
			buildActionMask = 2147483647;
			files = (
			);
			runOnlyForDeploymentPostprocessing = 0;
		};
		4B3238B62DCE12F800088399 /* Frameworks */ = {
			isa = PBXFrameworksBuildPhase;
			buildActionMask = 2147483647;
			files = (
			);
			runOnlyForDeploymentPostprocessing = 0;
		};
		4B3238C02DCE12F800088399 /* Frameworks */ = {
			isa = PBXFrameworksBuildPhase;
			buildActionMask = 2147483647;
			files = (
			);
			runOnlyForDeploymentPostprocessing = 0;
		};
/* End PBXFrameworksBuildPhase section */

/* Begin PBXGroup section */
		4B3238A12DCE12F600088399 = {
			isa = PBXGroup;
			children = (
				4B3238D62DCE168F00088399 /* DDDModular */,
				4B3238BC2DCE12F800088399 /* MyDashboardStructuredTests */,
				4B3238C62DCE12F800088399 /* MyDashboardStructuredUITests */,
				4B3238AB2DCE12F600088399 /* Products */,
			);
			sourceTree = "<group>";
		};
		4B3238AB2DCE12F600088399 /* Products */ = {
			isa = PBXGroup;
			children = (
				4B3238AA2DCE12F600088399 /* DailyDoDash v1.01.app */,
				4B3238B92DCE12F800088399 /* DailyDoDash v1.01Tests.xctest */,
				4B3238C32DCE12F800088399 /* DailyDoDash v1.01UITests.xctest */,
			);
			name = Products;
			sourceTree = "<group>";
		};
		4B3238D62DCE168F00088399 /* DDDModular */ = {
			isa = PBXGroup;
			children = (
				4B3238AC2DCE12F600088399 /* AppMain */,
				4B3238D72DCE175100088399 /* Dashboard */,
				4B3238E02DCE4EED00088399 /* Modules */,
				4B3238DC2DCE4EBB00088399 /* Shared */,
			);
			path = DDDModular;
			sourceTree = "<group>";
		};
		4B3238D72DCE175100088399 /* Dashboard */ = {
			isa = PBXGroup;
			children = (
				4B3238DB2DCE4EA100088399 /* Widgets */,
				4B3238DA2DCE4E7A00088399 /* Views */,
			);
			path = Dashboard;
			sourceTree = "<group>";
		};
		4B3238DA2DCE4E7A00088399 /* Views */ = {
			isa = PBXGroup;
			children = (
				4BF1B4172DD1113900A18801 /* MainDashboardView.swift */,
				4B3239612DCE6B7F00088399 /* HeaderView.swift */,
			);
			path = Views;
			sourceTree = "<group>";
		};
		4B3238DB2DCE4EA100088399 /* Widgets */ = {
			isa = PBXGroup;
			children = (
				4B3239632DCE6BD300088399 /* MoneyWidgetView.swift */,
				4B3239652DCE6C2600088399 /* BodyWidgetView.swift */,
				4B3239672DCE6C7500088399 /* TasksWidgetView.swift */,
				4B3239692DCE6C9600088399 /* DiaryWidgetView.swift */,
				4BD7D4602DD2D04400B67F21 /* HabitWidgetView.swift */,
			);
			path = Widgets;
			sourceTree = "<group>";
		};
		4B3238DC2DCE4EBB00088399 /* Shared */ = {
			isa = PBXGroup;
			children = (
				4B3238DF2DCE4EE000088399 /* Views */,
				4B3238DE2DCE4ED000088399 /* Utils */,
				4B3238DD2DCE4EC600088399 /* Models */,
			);
			path = Shared;
			sourceTree = "<group>";
		};
		4B3238DD2DCE4EC600088399 /* Models */ = {
			isa = PBXGroup;
			children = (
				4B3238F32DCE528700088399 /* TimePeriodSelection.swift */,
			);
			path = Models;
			sourceTree = "<group>";
		};
		4B3238DE2DCE4ED000088399 /* Utils */ = {
			isa = PBXGroup;
			children = (
				4B3238F72DCE532200088399 /* ColorExtension.swift */,
				4B3238F92DCE53A800088399 /* SequenceExtension.swift */,
			);
			path = Utils;
			sourceTree = "<group>";
		};
		4B3238DF2DCE4EE000088399 /* Views */ = {
			isa = PBXGroup;
			children = (
				4B3239252DCE600400088399 /* MetricRow.swift */,
				4B3239272DCE602900088399 /* HabitTrackerBar.swift */,
			);
			path = Views;
			sourceTree = "<group>";
		};
		4B3238E02DCE4EED00088399 /* Modules */ = {
			isa = PBXGroup;
			children = (
				4BD7D44E2DD1F42200B67F21 /* Habits */,
				4B3238E12DCE4F1800088399 /* Finances */,
				4B3238ED2DCE4F9E00088399 /* Diary */,
				4B3238E92DCE4F7500088399 /* Body */,
				4B3238E52DCE4F5000088399 /* Tasks */,
			);
			path = Modules;
			sourceTree = "<group>";
		};
		4B3238E12DCE4F1800088399 /* Finances */ = {
			isa = PBXGroup;
			children = (
				4B3238E42DCE4F3600088399 /* Views */,
				4B3238E32DCE4F3000088399 /* DataStore */,
				4B3238E22DCE4F2300088399 /* Models */,
			);
			path = Finances;
			sourceTree = "<group>";
		};
		4B3238E22DCE4F2300088399 /* Models */ = {
			isa = PBXGroup;
			children = (
				4B3238FD2DCE547800088399 /* TransactionType.swift */,
				4B3238FF2DCE549C00088399 /* Transaction.swift */,
				4B3239012DCE54C400088399 /* MonthlyDataPoint.swift */,
			);
			path = Models;
			sourceTree = "<group>";
		};
		4B3238E32DCE4F3000088399 /* DataStore */ = {
			isa = PBXGroup;
			children = (
				4B3239032DCE555600088399 /* FinancialDataStore.swift */,
			);
			path = DataStore;
			sourceTree = "<group>";
		};
		4B3238E42DCE4F3600088399 /* Views */ = {
			isa = PBXGroup;
			children = (
				4B3239292DCE60A200088399 /* ClearChartView.swift */,
				4B32392B2DCE60D800088399 /* TransactionSheetContext.swift */,
				4B3239372DCE62BC00088399 /* AddTransactionView.swift */,
				4B3239392DCE631600088399 /* AddEditCategoryView.swift */,
				4B32393B2DCE633D00088399 /* CategoriesView.swift */,
				4B32393D2DCE63CD00088399 /* AddEditAccountView.swift */,
				4B32393F2DCE63FD00088399 /* AccountsView.swift */,
				4B3239412DCE64B900088399 /* MoneyMiniAppView.swift */,
			);
			path = Views;
			sourceTree = "<group>";
		};
		4B3238E52DCE4F5000088399 /* Tasks */ = {
			isa = PBXGroup;
			children = (
				4B3238E82DCE4F6900088399 /* Views */,
				4B3238E72DCE4F6200088399 /* DataStore */,
				4B3238E62DCE4F5B00088399 /* Models */,
			);
			path = Tasks;
			sourceTree = "<group>";
		};
		4B3238E62DCE4F5B00088399 /* Models */ = {
			isa = PBXGroup;
			children = (
				4B3239092DCE5A3700088399 /* GoalHorizon.swift */,
				4B32390B2DCE5ADE00088399 /* TaskProject.swift */,
				4B32390D2DCE5AFF00088399 /* Task.swift */,
				4B32390F2DCE5B2100088399 /* TaskFilterOption.swift */,
				4BC9DEF12DD4A87F00203EAE /* GoalStatusFilter.swift */,
			);
			path = Models;
			sourceTree = "<group>";
		};
		4B3238E72DCE4F6200088399 /* DataStore */ = {
			isa = PBXGroup;
			children = (
				4B3239052DCE591D00088399 /* TaskDataStore.swift */,
			);
			path = DataStore;
			sourceTree = "<group>";
		};
		4B3238E82DCE4F6900088399 /* Views */ = {
			isa = PBXGroup;
			children = (
				4B32392D2DCE614E00088399 /* TaskRowView.swift */,
				4B3239432DCE652200088399 /* AddTaskSheet.swift */,
				4B3239452DCE65C100088399 /* TaskDetailView.swift */,
				4B3239472DCE65FC00088399 /* LongTermGoalsView.swift */,
				4B3239492DCE665100088399 /* TaskListMainView.swift */,
				4B32394B2DCE669C00088399 /* TasksMiniAppView.swift */,
				4BBED7C52DCF1F6C00D13D77 /* CompletedTasksListView.swift */,
			);
			path = Views;
			sourceTree = "<group>";
		};
		4B3238E92DCE4F7500088399 /* Body */ = {
			isa = PBXGroup;
			children = (
				4B3238EC2DCE4F9100088399 /* Views */,
				4B3238EB2DCE4F8900088399 /* DataStore */,
				4B3238EA2DCE4F7E00088399 /* Models */,
			);
			path = Body;
			sourceTree = "<group>";
		};
		4B3238EA2DCE4F7E00088399 /* Models */ = {
			isa = PBXGroup;
			children = (
				4B3239112DCE5BF200088399 /* WorkoutType.swift */,
				4B3239132DCE5C1D00088399 /* Exercise.swift */,
				4B3239152DCE5C5D00088399 /* SetTemplate.swift */,
				4B3239172DCE5C9E00088399 /* WorkoutSet.swift */,
				4B3239192DCE5CD600088399 /* ExerciseTemplateDetail.swift */,
				4B32391B2DCE5D2100088399 /* ExerciseLogDetail.swift */,
				4B32391D2DCE5D8A00088399 /* WorkoutLog.swift */,
				4B32391F2DCE5DBE00088399 /* WorkoutTemplate.swift */,
				4B3239212DCE5EFD00088399 /* BodyWeightLog.swift */,
			);
			path = Models;
			sourceTree = "<group>";
		};
		4B3238EB2DCE4F8900088399 /* DataStore */ = {
			isa = PBXGroup;
			children = (
				4B3239232DCE5F7F00088399 /* BodyDataStore.swift */,
			);
			path = DataStore;
			sourceTree = "<group>";
		};
		4B3238EC2DCE4F9100088399 /* Views */ = {
			isa = PBXGroup;
			children = (
				4B32392F2DCE61B400088399 /* EditWorkoutSetView.swift */,
				4B3239312DCE61D200088399 /* WorkoutSetRow.swift */,
				4B3239332DCE61F100088399 /* ExerciseDetailSectionView.swift */,
				4B3239352DCE622600088399 /* SelectExerciseView.swift */,
				4B32394D2DCE66EB00088399 /* ActiveWorkoutView.swift */,
				4B32394F2DCE673C00088399 /* WorkoutLogRow.swift */,
				4B3239512DCE675700088399 /* WorkoutHistoryView.swift */,
				4B3239532DCE678300088399 /* LogWeightView.swift */,
				4B3239552DCE67D300088399 /* WorkoutTypesListView.swift */,
				4B3239572DCE67F700088399 /* ExercisesListView.swift */,
				4B3239592DCE682300088399 /* WorkoutTemplatesView.swift */,
				4B32395B2DCE698D00088399 /* BodyMiniAppView.swift */,
				4BBED7C72DCF555900D13D77 /* AddEditWorkoutTypeView.swift */,
				4BBED7C92DCF570600D13D77 /* AddEditExerciseView.swift */,
				4BBED7CB2DCF59F300D13D77 /* SelectWorkoutTemplateView.swift */,
				4BBED7CD2DCF5DE600D13D77 /* WorkoutGoalSettingsView.swift */,
				4BBED7CF2DCF5F5D00D13D77 /* AddEditWorkoutTemplateView.swift */,
				4BBED7D12DCF631700D13D77 /* EditSetTemplateView.swift */,
				4B0545952DCF638600CF24D5 /* EditExerciseTemplateDetailView.swift */,
				4B95D6E72DD62AC200B04169 /* WorkoutTypeRowView.swift */,
			);
			path = Views;
			sourceTree = "<group>";
		};
		4B3238ED2DCE4F9E00088399 /* Diary */ = {
			isa = PBXGroup;
			children = (
				4B3238F02DCE4FB600088399 /* Views */,
				4B3238EF2DCE4FAF00088399 /* DataStore */,
				4B3238EE2DCE4FA800088399 /* Models */,
			);
			path = Diary;
			sourceTree = "<group>";
		};
		4B3238EE2DCE4FA800088399 /* Models */ = {
			isa = PBXGroup;
			children = (
				4B0545992DCF698D00CF24D5 /* DiaryEntry.swift */,
				4B0545972DCF694C00CF24D5 /* MoodSetting.swift */,
			);
			path = Models;
			sourceTree = "<group>";
		};
		4B3238EF2DCE4FAF00088399 /* DataStore */ = {
			isa = PBXGroup;
			children = (
				4B05459B2DCF6AEA00CF24D5 /* DiaryDataStore.swift */,
			);
			path = DataStore;
			sourceTree = "<group>";
		};
		4B3238F02DCE4FB600088399 /* Views */ = {
			isa = PBXGroup;
			children = (
				4B32395F2DCE6AF100088399 /* DiaryMiniAppView.swift */,
				4B05459D2DCF6D3200CF24D5 /* DiaryEntryRowView.swift */,
				4B05459F2DCF86C600CF24D5 /* AddEditDiaryEntryView.swift */,
				4B0545A12DCF9F6200CF24D5 /* AddEditMoodSettingView.swift */,
				4B0545A32DCFA0FE00CF24D5 /* MoodSettingsListView.swift */,
				4B0545A52DCFB48200CF24D5 /* DiaryStatsView.swift */,
				4B0545A72DD051BE00CF24D5 /* MonthlyEntriesListView.swift */,
			);
			path = Views;
			sourceTree = "<group>";
		};
		4BC9DEDB2DD46BAF00203EAE /* Components */ = {
			isa = PBXGroup;
			children = (
				4BD7D45A2DD258E900B67F21 /* HabitRowView.swift */,
				4BD7D45C2DD25CCF00B67F21 /* AddEditHabitView.swift */,
			);
			path = Components;
			sourceTree = "<group>";
		};
		4BC9DEDC2DD46C5300203EAE /* MainView */ = {
			isa = PBXGroup;
			children = (
				4BD7D4622DD2D18500B67F21 /* HabitsMiniAppView.swift */,
				4BD7D45E2DD25F9700B67F21 /* HabitsListView.swift */,
			);
			path = MainView;
			sourceTree = "<group>";
		};
		4BD7D44E2DD1F42200B67F21 /* Habits */ = {
			isa = PBXGroup;
			children = (
				4BD7D4592DD258D700B67F21 /* Views */,
				4BD7D4562DD1F82A00B67F21 /* DataStore */,
				4BD7D44F2DD1F43900B67F21 /* Models */,
			);
			path = Habits;
			sourceTree = "<group>";
		};
		4BD7D44F2DD1F43900B67F21 /* Models */ = {
			isa = PBXGroup;
			children = (
				4BD7D4502DD1F44800B67F21 /* Habit.swift */,
				4BD7D4542DD1F47200B67F21 /* HabitLog.swift */,
				4B95D7072DD735BF00B04169 /* AppConstants.swift */,
			);
			path = Models;
			sourceTree = "<group>";
		};
		4BD7D4562DD1F82A00B67F21 /* DataStore */ = {
			isa = PBXGroup;
			children = (
				4BD7D4572DD1F84800B67F21 /* HabitDataStore.swift */,
			);
			path = DataStore;
			sourceTree = "<group>";
		};
		4BD7D4592DD258D700B67F21 /* Views */ = {
			isa = PBXGroup;
			children = (
				4BC9DEDC2DD46C5300203EAE /* MainView */,
				4BC9DEDB2DD46BAF00203EAE /* Components */,
			);
			path = Views;
			sourceTree = "<group>";
		};
/* End PBXGroup section */

/* Begin PBXNativeTarget section */
		4B3238A92DCE12F600088399 /* DailyDoDash v1.01 */ = {
			isa = PBXNativeTarget;
			buildConfigurationList = 4B3238CD2DCE12F800088399 /* Build configuration list for PBXNativeTarget "DailyDoDash v1.01" */;
			buildPhases = (
				4B3238A62DCE12F600088399 /* Sources */,
				4B3238A72DCE12F600088399 /* Frameworks */,
				4B3238A82DCE12F600088399 /* Resources */,
			);
			buildRules = (
			);
			dependencies = (
			);
			fileSystemSynchronizedGroups = (
				4B3238AC2DCE12F600088399 /* AppMain */,
			);
			name = "DailyDoDash v1.01";
			packageProductDependencies = (
			);
			productName = MyDashboardStructured;
			productReference = 4B3238AA2DCE12F600088399 /* DailyDoDash v1.01.app */;
			productType = "com.apple.product-type.application";
		};
		4B3238B82DCE12F800088399 /* DailyDoDash v1.01Tests */ = {
			isa = PBXNativeTarget;
			buildConfigurationList = 4B3238D02DCE12F800088399 /* Build configuration list for PBXNativeTarget "DailyDoDash v1.01Tests" */;
			buildPhases = (
				4B3238B52DCE12F800088399 /* Sources */,
				4B3238B62DCE12F800088399 /* Frameworks */,
				4B3238B72DCE12F800088399 /* Resources */,
			);
			buildRules = (
			);
			dependencies = (
				4B3238BB2DCE12F800088399 /* PBXTargetDependency */,
			);
			fileSystemSynchronizedGroups = (
				4B3238BC2DCE12F800088399 /* MyDashboardStructuredTests */,
			);
			name = "DailyDoDash v1.01Tests";
			packageProductDependencies = (
			);
			productName = MyDashboardStructuredTests;
			productReference = 4B3238B92DCE12F800088399 /* DailyDoDash v1.01Tests.xctest */;
			productType = "com.apple.product-type.bundle.unit-test";
		};
		4B3238C22DCE12F800088399 /* DailyDoDash v1.01UITests */ = {
			isa = PBXNativeTarget;
			buildConfigurationList = 4B3238D32DCE12F800088399 /* Build configuration list for PBXNativeTarget "DailyDoDash v1.01UITests" */;
			buildPhases = (
				4B3238BF2DCE12F800088399 /* Sources */,
				4B3238C02DCE12F800088399 /* Frameworks */,
				4B3238C12DCE12F800088399 /* Resources */,
			);
			buildRules = (
			);
			dependencies = (
				4B3238C52DCE12F800088399 /* PBXTargetDependency */,
			);
			fileSystemSynchronizedGroups = (
				4B3238C62DCE12F800088399 /* MyDashboardStructuredUITests */,
			);
			name = "DailyDoDash v1.01UITests";
			packageProductDependencies = (
			);
			productName = MyDashboardStructuredUITests;
			productReference = 4B3238C32DCE12F800088399 /* DailyDoDash v1.01UITests.xctest */;
			productType = "com.apple.product-type.bundle.ui-testing";
		};
/* End PBXNativeTarget section */

/* Begin PBXProject section */
		4B3238A22DCE12F600088399 /* Project object */ = {
			isa = PBXProject;
			attributes = {
				BuildIndependentTargetsInParallel = 1;
				LastSwiftUpdateCheck = 1630;
				LastUpgradeCheck = 1630;
				TargetAttributes = {
					4B3238A92DCE12F600088399 = {
						CreatedOnToolsVersion = 16.3;
					};
					4B3238B82DCE12F800088399 = {
						CreatedOnToolsVersion = 16.3;
						TestTargetID = 4B3238A92DCE12F600088399;
					};
					4B3238C22DCE12F800088399 = {
						CreatedOnToolsVersion = 16.3;
						TestTargetID = 4B3238A92DCE12F600088399;
					};
				};
			};
			buildConfigurationList = 4B3238A52DCE12F600088399 /* Build configuration list for PBXProject "DailyDoDash v1.01" */;
			developmentRegion = en;
			hasScannedForEncodings = 0;
			knownRegions = (
				en,
				Base,
			);
			mainGroup = 4B3238A12DCE12F600088399;
			minimizedProjectReferenceProxies = 1;
			preferredProjectObjectVersion = 77;
			productRefGroup = 4B3238AB2DCE12F600088399 /* Products */;
			projectDirPath = "";
			projectRoot = "";
			targets = (
				4B3238A92DCE12F600088399 /* DailyDoDash v1.01 */,
				4B3238B82DCE12F800088399 /* DailyDoDash v1.01Tests */,
				4B3238C22DCE12F800088399 /* DailyDoDash v1.01UITests */,
			);
		};
/* End PBXProject section */

/* Begin PBXResourcesBuildPhase section */
		4B3238A82DCE12F600088399 /* Resources */ = {
			isa = PBXResourcesBuildPhase;
			buildActionMask = 2147483647;
			files = (
			);
			runOnlyForDeploymentPostprocessing = 0;
		};
		4B3238B72DCE12F800088399 /* Resources */ = {
			isa = PBXResourcesBuildPhase;
			buildActionMask = 2147483647;
			files = (
			);
			runOnlyForDeploymentPostprocessing = 0;
		};
		4B3238C12DCE12F800088399 /* Resources */ = {
			isa = PBXResourcesBuildPhase;
			buildActionMask = 2147483647;
			files = (
			);
			runOnlyForDeploymentPostprocessing = 0;
		};
/* End PBXResourcesBuildPhase section */

/* Begin PBXSourcesBuildPhase section */
		4B3238A62DCE12F600088399 /* Sources */ = {
			isa = PBXSourcesBuildPhase;
			buildActionMask = 2147483647;
			files = (
				4B3239062DCE591D00088399 /* TaskDataStore.swift in Sources */,
				4B3239102DCE5B2100088399 /* TaskFilterOption.swift in Sources */,
				4B32391A2DCE5CD600088399 /* ExerciseTemplateDetail.swift in Sources */,
				4B95D7082DD735BF00B04169 /* AppConstants.swift in Sources */,
				4B32393C2DCE633D00088399 /* CategoriesView.swift in Sources */,
				4B3239242DCE5F7F00088399 /* BodyDataStore.swift in Sources */,
				4B3238FA2DCE53A800088399 /* SequenceExtension.swift in Sources */,
				4B0545A62DCFB48200CF24D5 /* DiaryStatsView.swift in Sources */,
				4B3239142DCE5C1D00088399 /* Exercise.swift in Sources */,
				4B3239302DCE61B400088399 /* EditWorkoutSetView.swift in Sources */,
				4B3238F42DCE528700088399 /* TimePeriodSelection.swift in Sources */,
				4BD7D45D2DD25CCF00B67F21 /* AddEditHabitView.swift in Sources */,
				4B32393A2DCE631600088399 /* AddEditCategoryView.swift in Sources */,
				4B3239222DCE5EFD00088399 /* BodyWeightLog.swift in Sources */,
				4B32391C2DCE5D2100088399 /* ExerciseLogDetail.swift in Sources */,
				4B0545A22DCF9F6200CF24D5 /* AddEditMoodSettingView.swift in Sources */,
				4BBED7D22DCF631700D13D77 /* EditSetTemplateView.swift in Sources */,
				4BBED7C82DCF555900D13D77 /* AddEditWorkoutTypeView.swift in Sources */,
				4BC9DEF22DD4A87F00203EAE /* GoalStatusFilter.swift in Sources */,
				4B3239482DCE65FC00088399 /* LongTermGoalsView.swift in Sources */,
				4B32395C2DCE698D00088399 /* BodyMiniAppView.swift in Sources */,
				4B05459E2DCF6D3200CF24D5 /* DiaryEntryRowView.swift in Sources */,
				4B3239002DCE549C00088399 /* Transaction.swift in Sources */,
				4B32392E2DCE614E00088399 /* TaskRowView.swift in Sources */,
				4B3239462DCE65C100088399 /* TaskDetailView.swift in Sources */,
				4B32390C2DCE5ADE00088399 /* TaskProject.swift in Sources */,
				4B3239322DCE61D200088399 /* WorkoutSetRow.swift in Sources */,
				4B3239382DCE62BC00088399 /* AddTransactionView.swift in Sources */,
				4B0545A42DCFA0FE00CF24D5 /* MoodSettingsListView.swift in Sources */,
				4BBED7CA2DCF570600D13D77 /* AddEditExerciseView.swift in Sources */,
				4BBED7CC2DCF59F300D13D77 /* SelectWorkoutTemplateView.swift in Sources */,
				4B0545A82DD051BE00CF24D5 /* MonthlyEntriesListView.swift in Sources */,
				4BBED7CE2DCF5DE600D13D77 /* WorkoutGoalSettingsView.swift in Sources */,
				4B3239202DCE5DBE00088399 /* WorkoutTemplate.swift in Sources */,
				4B05459C2DCF6AEA00CF24D5 /* DiaryDataStore.swift in Sources */,
				4BD7D4552DD1F47200B67F21 /* HabitLog.swift in Sources */,
				4B3239342DCE61F100088399 /* ExerciseDetailSectionView.swift in Sources */,
				4B3239562DCE67D300088399 /* WorkoutTypesListView.swift in Sources */,
				4BBED7C62DCF1F6C00D13D77 /* CompletedTasksListView.swift in Sources */,
				4B3239362DCE622600088399 /* SelectExerciseView.swift in Sources */,
				4B3239442DCE652200088399 /* AddTaskSheet.swift in Sources */,
				4B3239402DCE63FD00088399 /* AccountsView.swift in Sources */,
				4BBED7D02DCF5F5D00D13D77 /* AddEditWorkoutTemplateView.swift in Sources */,
				4B32392A2DCE60A200088399 /* ClearChartView.swift in Sources */,
				4B3239542DCE678300088399 /* LogWeightView.swift in Sources */,
				4BF1B4182DD1113900A18801 /* MainDashboardView.swift in Sources */,
				4B32394C2DCE669C00088399 /* TasksMiniAppView.swift in Sources */,
				4B32394A2DCE665100088399 /* TaskListMainView.swift in Sources */,
				4B3239642DCE6BD300088399 /* MoneyWidgetView.swift in Sources */,
				4BD7D4512DD1F44800B67F21 /* Habit.swift in Sources */,
				4BD7D4612DD2D04400B67F21 /* HabitWidgetView.swift in Sources */,
				4B32394E2DCE66EB00088399 /* ActiveWorkoutView.swift in Sources */,
				4B3239182DCE5C9E00088399 /* WorkoutSet.swift in Sources */,
				4B3239162DCE5C5D00088399 /* SetTemplate.swift in Sources */,
				4B32393E2DCE63CD00088399 /* AddEditAccountView.swift in Sources */,
				4B3239282DCE602900088399 /* HabitTrackerBar.swift in Sources */,
				4B3239662DCE6C2600088399 /* BodyWidgetView.swift in Sources */,
				4B05459A2DCF699200CF24D5 /* DiaryEntry.swift in Sources */,
				4B0545982DCF694C00CF24D5 /* MoodSetting.swift in Sources */,
				4B95D6E82DD62AC200B04169 /* WorkoutTypeRowView.swift in Sources */,
				4B0545962DCF638600CF24D5 /* EditExerciseTemplateDetailView.swift in Sources */,
				4B3239122DCE5BF200088399 /* WorkoutType.swift in Sources */,
				4B3239582DCE67F700088399 /* ExercisesListView.swift in Sources */,
				4B3239682DCE6C7500088399 /* TasksWidgetView.swift in Sources */,
				4BD7D4632DD2D18500B67F21 /* HabitsMiniAppView.swift in Sources */,
				4BD7D4582DD1F84800B67F21 /* HabitDataStore.swift in Sources */,
				4B3238F82DCE532200088399 /* ColorExtension.swift in Sources */,
				4B3239602DCE6AF100088399 /* DiaryMiniAppView.swift in Sources */,
				4B32390A2DCE5A3700088399 /* GoalHorizon.swift in Sources */,
				4B3239502DCE673C00088399 /* WorkoutLogRow.swift in Sources */,
				4B32395A2DCE682300088399 /* WorkoutTemplatesView.swift in Sources */,
				4BD7D45B2DD258E900B67F21 /* HabitRowView.swift in Sources */,
				4B3239022DCE54C400088399 /* MonthlyDataPoint.swift in Sources */,
				4B32391E2DCE5D8A00088399 /* WorkoutLog.swift in Sources */,
				4B3239422DCE64B900088399 /* MoneyMiniAppView.swift in Sources */,
				4B3238FE2DCE547800088399 /* TransactionType.swift in Sources */,
				4B3239522DCE675700088399 /* WorkoutHistoryView.swift in Sources */,
				4B32390E2DCE5AFF00088399 /* Task.swift in Sources */,
				4B0545A02DCF86C600CF24D5 /* AddEditDiaryEntryView.swift in Sources */,
				4B32392C2DCE60D800088399 /* TransactionSheetContext.swift in Sources */,
				4B32396A2DCE6C9600088399 /* DiaryWidgetView.swift in Sources */,
				4B3239262DCE600400088399 /* MetricRow.swift in Sources */,
				4B3239042DCE555600088399 /* FinancialDataStore.swift in Sources */,
				4B3239622DCE6B7F00088399 /* HeaderView.swift in Sources */,
				4BD7D45F2DD25F9700B67F21 /* HabitsListView.swift in Sources */,
			);
			runOnlyForDeploymentPostprocessing = 0;
		};
		4B3238B52DCE12F800088399 /* Sources */ = {
			isa = PBXSourcesBuildPhase;
			buildActionMask = 2147483647;
			files = (
			);
			runOnlyForDeploymentPostprocessing = 0;
		};
		4B3238BF2DCE12F800088399 /* Sources */ = {
			isa = PBXSourcesBuildPhase;
			buildActionMask = 2147483647;
			files = (
			);
			runOnlyForDeploymentPostprocessing = 0;
		};
/* End PBXSourcesBuildPhase section */

/* Begin PBXTargetDependency section */
		4B3238BB2DCE12F800088399 /* PBXTargetDependency */ = {
			isa = PBXTargetDependency;
			target = 4B3238A92DCE12F600088399 /* DailyDoDash v1.01 */;
			targetProxy = 4B3238BA2DCE12F800088399 /* PBXContainerItemProxy */;
		};
		4B3238C52DCE12F800088399 /* PBXTargetDependency */ = {
			isa = PBXTargetDependency;
			target = 4B3238A92DCE12F600088399 /* DailyDoDash v1.01 */;
			targetProxy = 4B3238C42DCE12F800088399 /* PBXContainerItemProxy */;
		};
/* End PBXTargetDependency section */

/* Begin XCBuildConfiguration section */
		4B3238CB2DCE12F800088399 /* Debug */ = {
			isa = XCBuildConfiguration;
			buildSettings = {
				ALWAYS_SEARCH_USER_PATHS = NO;
				ASSETCATALOG_COMPILER_GENERATE_SWIFT_ASSET_SYMBOL_EXTENSIONS = YES;
				CLANG_ANALYZER_NONNULL = YES;
				CLANG_ANALYZER_NUMBER_OBJECT_CONVERSION = YES_AGGRESSIVE;
				CLANG_CXX_LANGUAGE_STANDARD = "gnu++20";
				CLANG_ENABLE_MODULES = YES;
				CLANG_ENABLE_OBJC_ARC = YES;
				CLANG_ENABLE_OBJC_WEAK = YES;
				CLANG_WARN_BLOCK_CAPTURE_AUTORELEASING = YES;
				CLANG_WARN_BOOL_CONVERSION = YES;
				CLANG_WARN_COMMA = YES;
				CLANG_WARN_CONSTANT_CONVERSION = YES;
				CLANG_WARN_DEPRECATED_OBJC_IMPLEMENTATIONS = YES;
				CLANG_WARN_DIRECT_OBJC_ISA_USAGE = YES_ERROR;
				CLANG_WARN_DOCUMENTATION_COMMENTS = YES;
				CLANG_WARN_EMPTY_BODY = YES;
				CLANG_WARN_ENUM_CONVERSION = YES;
				CLANG_WARN_INFINITE_RECURSION = YES;
				CLANG_WARN_INT_CONVERSION = YES;
				CLANG_WARN_NON_LITERAL_NULL_CONVERSION = YES;
				CLANG_WARN_OBJC_IMPLICIT_RETAIN_SELF = YES;
				CLANG_WARN_OBJC_LITERAL_CONVERSION = YES;
				CLANG_WARN_OBJC_ROOT_CLASS = YES_ERROR;
				CLANG_WARN_QUOTED_INCLUDE_IN_FRAMEWORK_HEADER = YES;
				CLANG_WARN_RANGE_LOOP_ANALYSIS = YES;
				CLANG_WARN_STRICT_PROTOTYPES = YES;
				CLANG_WARN_SUSPICIOUS_MOVE = YES;
				CLANG_WARN_UNGUARDED_AVAILABILITY = YES_AGGRESSIVE;
				CLANG_WARN_UNREACHABLE_CODE = YES;
				CLANG_WARN__DUPLICATE_METHOD_MATCH = YES;
				COPY_PHASE_STRIP = NO;
				DEBUG_INFORMATION_FORMAT = dwarf;
				ENABLE_STRICT_OBJC_MSGSEND = YES;
				ENABLE_TESTABILITY = YES;
				ENABLE_USER_SCRIPT_SANDBOXING = YES;
				GCC_C_LANGUAGE_STANDARD = gnu17;
				GCC_DYNAMIC_NO_PIC = NO;
				GCC_NO_COMMON_BLOCKS = YES;
				GCC_OPTIMIZATION_LEVEL = 0;
				GCC_PREPROCESSOR_DEFINITIONS = (
					"DEBUG=1",
					"$(inherited)",
				);
				GCC_WARN_64_TO_32_BIT_CONVERSION = YES;
				GCC_WARN_ABOUT_RETURN_TYPE = YES_ERROR;
				GCC_WARN_UNDECLARED_SELECTOR = YES;
				GCC_WARN_UNINITIALIZED_AUTOS = YES_AGGRESSIVE;
				GCC_WARN_UNUSED_FUNCTION = YES;
				GCC_WARN_UNUSED_VARIABLE = YES;
				IPHONEOS_DEPLOYMENT_TARGET = 18.4;
				LOCALIZATION_PREFERS_STRING_CATALOGS = YES;
				MTL_ENABLE_DEBUG_INFO = INCLUDE_SOURCE;
				MTL_FAST_MATH = YES;
				ONLY_ACTIVE_ARCH = YES;
				SDKROOT = iphoneos;
				SWIFT_ACTIVE_COMPILATION_CONDITIONS = "DEBUG $(inherited)";
				SWIFT_OPTIMIZATION_LEVEL = "-Onone";
			};
			name = Debug;
		};
		4B3238CC2DCE12F800088399 /* Release */ = {
			isa = XCBuildConfiguration;
			buildSettings = {
				ALWAYS_SEARCH_USER_PATHS = NO;
				ASSETCATALOG_COMPILER_GENERATE_SWIFT_ASSET_SYMBOL_EXTENSIONS = YES;
				CLANG_ANALYZER_NONNULL = YES;
				CLANG_ANALYZER_NUMBER_OBJECT_CONVERSION = YES_AGGRESSIVE;
				CLANG_CXX_LANGUAGE_STANDARD = "gnu++20";
				CLANG_ENABLE_MODULES = YES;
				CLANG_ENABLE_OBJC_ARC = YES;
				CLANG_ENABLE_OBJC_WEAK = YES;
				CLANG_WARN_BLOCK_CAPTURE_AUTORELEASING = YES;
				CLANG_WARN_BOOL_CONVERSION = YES;
				CLANG_WARN_COMMA = YES;
				CLANG_WARN_CONSTANT_CONVERSION = YES;
				CLANG_WARN_DEPRECATED_OBJC_IMPLEMENTATIONS = YES;
				CLANG_WARN_DIRECT_OBJC_ISA_USAGE = YES_ERROR;
				CLANG_WARN_DOCUMENTATION_COMMENTS = YES;
				CLANG_WARN_EMPTY_BODY = YES;
				CLANG_WARN_ENUM_CONVERSION = YES;
				CLANG_WARN_INFINITE_RECURSION = YES;
				CLANG_WARN_INT_CONVERSION = YES;
				CLANG_WARN_NON_LITERAL_NULL_CONVERSION = YES;
				CLANG_WARN_OBJC_IMPLICIT_RETAIN_SELF = YES;
				CLANG_WARN_OBJC_LITERAL_CONVERSION = YES;
				CLANG_WARN_OBJC_ROOT_CLASS = YES_ERROR;
				CLANG_WARN_QUOTED_INCLUDE_IN_FRAMEWORK_HEADER = YES;
				CLANG_WARN_RANGE_LOOP_ANALYSIS = YES;
				CLANG_WARN_STRICT_PROTOTYPES = YES;
				CLANG_WARN_SUSPICIOUS_MOVE = YES;
				CLANG_WARN_UNGUARDED_AVAILABILITY = YES_AGGRESSIVE;
				CLANG_WARN_UNREACHABLE_CODE = YES;
				CLANG_WARN__DUPLICATE_METHOD_MATCH = YES;
				COPY_PHASE_STRIP = NO;
				DEBUG_INFORMATION_FORMAT = "dwarf-with-dsym";
				ENABLE_NS_ASSERTIONS = NO;
				ENABLE_STRICT_OBJC_MSGSEND = YES;
				ENABLE_USER_SCRIPT_SANDBOXING = YES;
				GCC_C_LANGUAGE_STANDARD = gnu17;
				GCC_NO_COMMON_BLOCKS = YES;
				GCC_WARN_64_TO_32_BIT_CONVERSION = YES;
				GCC_WARN_ABOUT_RETURN_TYPE = YES_ERROR;
				GCC_WARN_UNDECLARED_SELECTOR = YES;
				GCC_WARN_UNINITIALIZED_AUTOS = YES_AGGRESSIVE;
				GCC_WARN_UNUSED_FUNCTION = YES;
				GCC_WARN_UNUSED_VARIABLE = YES;
				IPHONEOS_DEPLOYMENT_TARGET = 18.4;
				LOCALIZATION_PREFERS_STRING_CATALOGS = YES;
				MTL_ENABLE_DEBUG_INFO = NO;
				MTL_FAST_MATH = YES;
				SDKROOT = iphoneos;
				SWIFT_COMPILATION_MODE = wholemodule;
				VALIDATE_PRODUCT = YES;
			};
			name = Release;
		};
		4B3238CE2DCE12F800088399 /* Debug */ = {
			isa = XCBuildConfiguration;
			buildSettings = {
				ASSETCATALOG_COMPILER_APPICON_NAME = AppIcon;
				ASSETCATALOG_COMPILER_GLOBAL_ACCENT_COLOR_NAME = AccentColor;
				CODE_SIGN_STYLE = Automatic;
				CURRENT_PROJECT_VERSION = 1;
				ENABLE_PREVIEWS = YES;
				GENERATE_INFOPLIST_FILE = YES;
				INFOPLIST_KEY_LSApplicationCategoryType = "public.app-category.productivity";
				INFOPLIST_KEY_UIApplicationSceneManifest_Generation = YES;
				INFOPLIST_KEY_UIApplicationSupportsIndirectInputEvents = YES;
				INFOPLIST_KEY_UILaunchScreen_Generation = YES;
				INFOPLIST_KEY_UISupportedInterfaceOrientations_iPad = "UIInterfaceOrientationPortrait UIInterfaceOrientationPortraitUpsideDown UIInterfaceOrientationLandscapeLeft UIInterfaceOrientationLandscapeRight";
				INFOPLIST_KEY_UISupportedInterfaceOrientations_iPhone = "UIInterfaceOrientationPortrait UIInterfaceOrientationLandscapeLeft UIInterfaceOrientationLandscapeRight";
				LD_RUNPATH_SEARCH_PATHS = (
					"$(inherited)",
					"@executable_path/Frameworks",
				);
				MARKETING_VERSION = 1.0;
				PRODUCT_BUNDLE_IDENTIFIER = com.vladimirsvh.MyDashboardStructured;
				PRODUCT_NAME = "$(TARGET_NAME)";
				SWIFT_EMIT_LOC_STRINGS = YES;
				SWIFT_VERSION = 5.0;
				TARGETED_DEVICE_FAMILY = "1,2";
			};
			name = Debug;
		};
		4B3238CF2DCE12F800088399 /* Release */ = {
			isa = XCBuildConfiguration;
			buildSettings = {
				ASSETCATALOG_COMPILER_APPICON_NAME = AppIcon;
				ASSETCATALOG_COMPILER_GLOBAL_ACCENT_COLOR_NAME = AccentColor;
				CODE_SIGN_STYLE = Automatic;
				CURRENT_PROJECT_VERSION = 1;
				ENABLE_PREVIEWS = YES;
				GENERATE_INFOPLIST_FILE = YES;
				INFOPLIST_KEY_LSApplicationCategoryType = "public.app-category.productivity";
				INFOPLIST_KEY_UIApplicationSceneManifest_Generation = YES;
				INFOPLIST_KEY_UIApplicationSupportsIndirectInputEvents = YES;
				INFOPLIST_KEY_UILaunchScreen_Generation = YES;
				INFOPLIST_KEY_UISupportedInterfaceOrientations_iPad = "UIInterfaceOrientationPortrait UIInterfaceOrientationPortraitUpsideDown UIInterfaceOrientationLandscapeLeft UIInterfaceOrientationLandscapeRight";
				INFOPLIST_KEY_UISupportedInterfaceOrientations_iPhone = "UIInterfaceOrientationPortrait UIInterfaceOrientationLandscapeLeft UIInterfaceOrientationLandscapeRight";
				LD_RUNPATH_SEARCH_PATHS = (
					"$(inherited)",
					"@executable_path/Frameworks",
				);
				MARKETING_VERSION = 1.0;
				PRODUCT_BUNDLE_IDENTIFIER = com.vladimirsvh.MyDashboardStructured;
				PRODUCT_NAME = "$(TARGET_NAME)";
				SWIFT_EMIT_LOC_STRINGS = YES;
				SWIFT_VERSION = 5.0;
				TARGETED_DEVICE_FAMILY = "1,2";
			};
			name = Release;
		};
		4B3238D12DCE12F800088399 /* Debug */ = {
			isa = XCBuildConfiguration;
			buildSettings = {
				BUNDLE_LOADER = "$(TEST_HOST)";
				CODE_SIGN_STYLE = Automatic;
				CURRENT_PROJECT_VERSION = 1;
				GENERATE_INFOPLIST_FILE = YES;
				IPHONEOS_DEPLOYMENT_TARGET = 18.4;
				MARKETING_VERSION = 1.0;
				PRODUCT_BUNDLE_IDENTIFIER = com.vladimirsvh.MyDashboardStructuredTests;
				PRODUCT_NAME = "$(TARGET_NAME)";
				SWIFT_EMIT_LOC_STRINGS = NO;
				SWIFT_VERSION = 5.0;
				TARGETED_DEVICE_FAMILY = "1,2";
				TEST_HOST = "$(BUILT_PRODUCTS_DIR)/DailyDoDash v1.01.app/$(BUNDLE_EXECUTABLE_FOLDER_PATH)/DailyDoDash v1.01";
			};
			name = Debug;
		};
		4B3238D22DCE12F800088399 /* Release */ = {
			isa = XCBuildConfiguration;
			buildSettings = {
				BUNDLE_LOADER = "$(TEST_HOST)";
				CODE_SIGN_STYLE = Automatic;
				CURRENT_PROJECT_VERSION = 1;
				GENERATE_INFOPLIST_FILE = YES;
				IPHONEOS_DEPLOYMENT_TARGET = 18.4;
				MARKETING_VERSION = 1.0;
				PRODUCT_BUNDLE_IDENTIFIER = com.vladimirsvh.MyDashboardStructuredTests;
				PRODUCT_NAME = "$(TARGET_NAME)";
				SWIFT_EMIT_LOC_STRINGS = NO;
				SWIFT_VERSION = 5.0;
				TARGETED_DEVICE_FAMILY = "1,2";
				TEST_HOST = "$(BUILT_PRODUCTS_DIR)/DailyDoDash v1.01.app/$(BUNDLE_EXECUTABLE_FOLDER_PATH)/DailyDoDash v1.01";
			};
			name = Release;
		};
		4B3238D42DCE12F800088399 /* Debug */ = {
			isa = XCBuildConfiguration;
			buildSettings = {
				CODE_SIGN_STYLE = Automatic;
				CURRENT_PROJECT_VERSION = 1;
				GENERATE_INFOPLIST_FILE = YES;
				MARKETING_VERSION = 1.0;
				PRODUCT_BUNDLE_IDENTIFIER = com.vladimirsvh.MyDashboardStructuredUITests;
				PRODUCT_NAME = "$(TARGET_NAME)";
				SWIFT_EMIT_LOC_STRINGS = NO;
				SWIFT_VERSION = 5.0;
				TARGETED_DEVICE_FAMILY = "1,2";
				TEST_TARGET_NAME = MyDashboardStructured;
			};
			name = Debug;
		};
		4B3238D52DCE12F800088399 /* Release */ = {
			isa = XCBuildConfiguration;
			buildSettings = {
				CODE_SIGN_STYLE = Automatic;
				CURRENT_PROJECT_VERSION = 1;
				GENERATE_INFOPLIST_FILE = YES;
				MARKETING_VERSION = 1.0;
				PRODUCT_BUNDLE_IDENTIFIER = com.vladimirsvh.MyDashboardStructuredUITests;
				PRODUCT_NAME = "$(TARGET_NAME)";
				SWIFT_EMIT_LOC_STRINGS = NO;
				SWIFT_VERSION = 5.0;
				TARGETED_DEVICE_FAMILY = "1,2";
				TEST_TARGET_NAME = MyDashboardStructured;
			};
			name = Release;
		};
/* End XCBuildConfiguration section */

/* Begin XCConfigurationList section */
		4B3238A52DCE12F600088399 /* Build configuration list for PBXProject "DailyDoDash v1.01" */ = {
			isa = XCConfigurationList;
			buildConfigurations = (
				4B3238CB2DCE12F800088399 /* Debug */,
				4B3238CC2DCE12F800088399 /* Release */,
			);
			defaultConfigurationIsVisible = 0;
			defaultConfigurationName = Release;
		};
		4B3238CD2DCE12F800088399 /* Build configuration list for PBXNativeTarget "DailyDoDash v1.01" */ = {
			isa = XCConfigurationList;
			buildConfigurations = (
				4B3238CE2DCE12F800088399 /* Debug */,
				4B3238CF2DCE12F800088399 /* Release */,
			);
			defaultConfigurationIsVisible = 0;
			defaultConfigurationName = Release;
		};
		4B3238D02DCE12F800088399 /* Build configuration list for PBXNativeTarget "DailyDoDash v1.01Tests" */ = {
			isa = XCConfigurationList;
			buildConfigurations = (
				4B3238D12DCE12F800088399 /* Debug */,
				4B3238D22DCE12F800088399 /* Release */,
			);
			defaultConfigurationIsVisible = 0;
			defaultConfigurationName = Release;
		};
		4B3238D32DCE12F800088399 /* Build configuration list for PBXNativeTarget "DailyDoDash v1.01UITests" */ = {
			isa = XCConfigurationList;
			buildConfigurations = (
				4B3238D42DCE12F800088399 /* Debug */,
				4B3238D52DCE12F800088399 /* Release */,
			);
			defaultConfigurationIsVisible = 0;
			defaultConfigurationName = Release;
		};
/* End XCConfigurationList section */
	};
	rootObject = 4B3238A22DCE12F600088399 /* Project object */;
}
